<?xml version="1.0" encoding="utf-8"?>
<Project ToolsVersion="4.0" xmlns="http://schemas.microsoft.com/developer/msbuild/2003">
  <ItemGroup>
    <Filter Include="Source Files">
      <UniqueIdentifier>{4FC737F1-C7A5-4376-A066-2A32D752A2FF}</UniqueIdentifier>
      <Extensions>cpp;c;cc;cxx;def;odl;idl;hpj;bat;asm;asmx</Extensions>
    </Filter>
    <Filter Include="Header Files">
      <UniqueIdentifier>{93995380-89BD-4b04-88EB-625FBE52EBFB}</UniqueIdentifier>
      <Extensions>h;hh;hpp;hxx;hm;inl;inc;xsd</Extensions>
    </Filter>
    <Filter Include="Resource Files">
      <UniqueIdentifier>{67DA6AB6-F800-4c08-8B7A-83BB121AAD01}</UniqueIdentifier>
      <Extensions>rc;ico;cur;bmp;dlg;rc2;rct;bin;rgs;gif;jpg;jpeg;jpe;resx;tiff;tif;png;wav;mfcribbon-ms</Extensions>
    </Filter>
    <Filter Include="Header Files\AssetLibrary">
      <UniqueIdentifier>{a5fff3a0-ee73-413a-bb8e-4746e1c595c1}</UniqueIdentifier>
    </Filter>
    <Filter Include="Source Files\AssetLibrary">
      <UniqueIdentifier>{7eeb7764-f4e6-4a6f-86b1-5511a132ea19}</UniqueIdentifier>
    </Filter>
    <Filter Include="Header Files\Utilities">
      <UniqueIdentifier>{d9c90ecb-95b7-4653-a7dc-23c84827be11}</UniqueIdentifier>
    </Filter>
    <Filter Include="Source Files\Utilities">
      <UniqueIdentifier>{258dbb03-c72a-4bd3-ab40-32568c7f9b45}</UniqueIdentifier>
    </Filter>
    <Filter Include="Header Files\Components">
      <UniqueIdentifier>{df83cfbf-035a-4ebe-a770-b609416bdad3}</UniqueIdentifier>
    </Filter>
  </ItemGroup>
  <ItemGroup>
    <ClCompile Include="engine.cpp">
      <Filter>Source Files</Filter>
    </ClCompile>
    <ClCompile Include="shader.cpp">
      <Filter>Source Files\AssetLibrary</Filter>
    </ClCompile>
    <ClCompile Include="main.cpp">
      <Filter>Source Files</Filter>
    </ClCompile>
    <ClCompile Include="asset_library.cpp">
      <Filter>Source Files\AssetLibrary</Filter>
    </ClCompile>
    <ClCompile Include="texture.cpp">
      <Filter>Source Files\AssetLibrary</Filter>
    </ClCompile>
    <ClCompile Include="mesh.cpp">
      <Filter>Source Files\AssetLibrary</Filter>
    </ClCompile>
    <ClCompile Include="list.cpp">
      <Filter>Source Files\Utilities</Filter>
    </ClCompile>
  </ItemGroup>
  <ItemGroup>
    <None Include="packages.config" />
  </ItemGroup>
  <ItemGroup>
    <ClInclude Include="engine.h">
      <Filter>Header Files</Filter>
    </ClInclude>
    <ClInclude Include="actor.h">
      <Filter>Header Files</Filter>
    </ClInclude>
    <ClInclude Include="texture.h">
      <Filter>Header Files\AssetLibrary</Filter>
    </ClInclude>
    <ClInclude Include="shader.h">
      <Filter>Header Files\AssetLibrary</Filter>
    </ClInclude>
    <ClInclude Include="mesh.h">
      <Filter>Header Files\AssetLibrary</Filter>
    </ClInclude>
    <ClInclude Include="material.h">
      <Filter>Header Files\AssetLibrary</Filter>
    </ClInclude>
    <ClInclude Include="asset_library.h">
      <Filter>Header Files\AssetLibrary</Filter>
    </ClInclude>
    <ClInclude Include="list.h">
      <Filter>Header Files\Utilities</Filter>
    </ClInclude>
    <ClInclude Include="renderer.h">
      <Filter>Header Files\Components</Filter>
    </ClInclude>
    <ClInclude Include="transform.h">
      <Filter>Header Files\Components</Filter>
    </ClInclude>
    <ClInclude Include="scene.h">
      <Filter>Header Files</Filter>
    </ClInclude>
    <ClInclude Include="component_map.h">
      <Filter>Header Files\Components</Filter>
    </ClInclude>
    <ClInclude Include="Dependencies\glm\glm.hpp">
      <Filter>Header Files</Filter>
    </ClInclude>
  </ItemGroup>
</Project>